
Microsoft Visual Studio Solution File, Format Version 12.00
# Visual Studio Version 17
VisualStudioVersion = 17.7.34221.43
MinimumVisualStudioVersion = 10.0.40219.1
Project("{FAE04EC0-301F-11D3-BF4B-00C04F79EFBC}") = "StepItUp", "StepItUp.csproj", "{65EA1F39-5206-4FE3-845B-FF3D0B98921E}"
EndProject
Global
	GlobalSection(SolutionConfigurationPlatforms) = preSolution
		Debug|Any CPU = Debug|Any CPU
		Release|Any CPU = Release|Any CPU
	EndGlobalSection
	GlobalSection(ProjectConfigurationPlatforms) = postSolution
		{65EA1F39-5206-4FE3-845B-FF3D0B98921E}.Debug|Any CPU.ActiveCfg = Debug|Any CPU
		{65EA1F39-5206-4FE3-845B-FF3D0B98921E}.Debug|Any CPU.Build.0 = Debug|Any CPU
		{65EA1F39-5206-4FE3-845B-FF3D0B98921E}.Release|Any CPU.ActiveCfg = Release|Any CPU
		{65EA1F39-5206-4FE3-845B-FF3D0B98921E}.Release|Any CPU.Build.0 = Release|Any CPU
	EndGlobalSection
	GlobalSection(SolutionProperties) = preSolution
		HideSolutionNode = FALSE
	EndGlobalSection
	GlobalSection(ExtensibilityGlobals) = postSolution
		SolutionGuid = {BACD7DB3-B062-4311-AD8B-C1EBD9C341CC}
	EndGlobalSection
EndGlobal
